// !$*UTF8*$!
{
	archiveVersion = 1;
	classes = {
	};
	objectVersion = 56;
	objects = {

/* Begin PBXBuildFile section */
		95D995D92C3BC7AA005FA1AD /* SlideBarApp.swift in Sources */ = {isa = PBXBuildFile; fileRef = 95D995D82C3BC7AA005FA1AD /* SlideBarApp.swift */; };
		95D995DB2C3BC7AA005FA1AD /* ContentView.swift in Sources */ = {isa = PBXBuildFile; fileRef = 95D995DA2C3BC7AA005FA1AD /* ContentView.swift */; };
		95D995DD2C3BC7AD005FA1AD /* Assets.xcassets in Resources */ = {isa = PBXBuildFile; fileRef = 95D995DC2C3BC7AD005FA1AD /* Assets.xcassets */; };
		95D995E02C3BC7AD005FA1AD /* Preview Assets.xcassets in Resources */ = {isa = PBXBuildFile; fileRef = 95D995DF2C3BC7AD005FA1AD /* Preview Assets.xcassets */; };
		95D995EA2C3BC7AE005FA1AD /* SlideBarTests.swift in Sources */ = {isa = PBXBuildFile; fileRef = 95D995E92C3BC7AE005FA1AD /* SlideBarTests.swift */; };
		95D995F42C3BC7AE005FA1AD /* SlideBarUITests.swift in Sources */ = {isa = PBXBuildFile; fileRef = 95D995F32C3BC7AE005FA1AD /* SlideBarUITests.swift */; };
		95D995F62C3BC7AE005FA1AD /* SlideBarUITestsLaunchTests.swift in Sources */ = {isa = PBXBuildFile; fileRef = 95D995F52C3BC7AE005FA1AD /* SlideBarUITestsLaunchTests.swift */; };
/* End PBXBuildFile section */

/* Begin PBXContainerItemProxy section */
		95D995E62C3BC7AE005FA1AD /* PBXContainerItemProxy */ = {
			isa = PBXContainerItemProxy;
			containerPortal = 95D995CD2C3BC7AA005FA1AD /* Project object */;
			proxyType = 1;
			remoteGlobalIDString = 95D995D42C3BC7AA005FA1AD;
			remoteInfo = SlideBar;
		};
		95D995F02C3BC7AE005FA1AD /* PBXContainerItemProxy */ = {
			isa = PBXContainerItemProxy;
			containerPortal = 95D995CD2C3BC7AA005FA1AD /* Project object */;
			proxyType = 1;
			remoteGlobalIDString = 95D995D42C3BC7AA005FA1AD;
			remoteInfo = SlideBar;
		};
/* End PBXContainerItemProxy section */

/* Begin PBXFileReference section */
		95D995D52C3BC7AA005FA1AD /* SlideBar.app */ = {isa = PBXFileReference; explicitFileType = wrapper.application; includeInIndex = 0; path = SlideBar.app; sourceTree = BUILT_PRODUCTS_DIR; };
		95D995D82C3BC7AA005FA1AD /* SlideBarApp.swift */ = {isa = PBXFileReference; lastKnownFileType = sourcecode.swift; path = SlideBarApp.swift; sourceTree = "<group>"; };
		95D995DA2C3BC7AA005FA1AD /* ContentView.swift */ = {isa = PBXFileReference; lastKnownFileType = sourcecode.swift; path = ContentView.swift; sourceTree = "<group>"; };
		95D995DC2C3BC7AD005FA1AD /* Assets.xcassets */ = {isa = PBXFileReference; lastKnownFileType = folder.assetcatalog; path = Assets.xcassets; sourceTree = "<group>"; };
		95D995DF2C3BC7AD005FA1AD /* Preview Assets.xcassets */ = {isa = PBXFileReference; lastKnownFileType = folder.assetcatalog; path = "Preview Assets.xcassets"; sourceTree = "<group>"; };
		95D995E52C3BC7AE005FA1AD /* SlideBarTests.xctest */ = {isa = PBXFileReference; explicitFileType = wrapper.cfbundle; includeInIndex = 0; path = SlideBarTests.xctest; sourceTree = BUILT_PRODUCTS_DIR; };
		95D995E92C3BC7AE005FA1AD /* SlideBarTests.swift */ = {isa = PBXFileReference; lastKnownFileType = sourcecode.swift; path = SlideBarTests.swift; sourceTree = "<group>"; };
		95D995EF2C3BC7AE005FA1AD /* SlideBarUITests.xctest */ = {isa = PBXFileReference; explicitFileType = wrapper.cfbundle; includeInIndex = 0; path = SlideBarUITests.xctest; sourceTree = BUILT_PRODUCTS_DIR; };
		95D995F32C3BC7AE005FA1AD /* SlideBarUITests.swift */ = {isa = PBXFileReference; lastKnownFileType = sourcecode.swift; path = SlideBarUITests.swift; sourceTree = "<group>"; };
		95D995F52C3BC7AE005FA1AD /* SlideBarUITestsLaunchTests.swift */ = {isa = PBXFileReference; lastKnownFileType = sourcecode.swift; path = SlideBarUITestsLaunchTests.swift; sourceTree = "<group>"; };
/* End PBXFileReference section */

/* Begin PBXFrameworksBuildPhase section */
		95D995D22C3BC7AA005FA1AD /* Frameworks */ = {
			isa = PBXFrameworksBuildPhase;
			buildActionMask = 2147483647;
			files = (
			);
			runOnlyForDeploymentPostprocessing = 0;
		};
		95D995E22C3BC7AE005FA1AD /* Frameworks */ = {
			isa = PBXFrameworksBuildPhase;
			buildActionMask = 2147483647;
			files = (
			);
			runOnlyForDeploymentPostprocessing = 0;
		};
		95D995EC2C3BC7AE005FA1AD /* Frameworks */ = {
			isa = PBXFrameworksBuildPhase;
			buildActionMask = 2147483647;
			files = (
			);
			runOnlyForDeploymentPostprocessing = 0;
		};
/* End PBXFrameworksBuildPhase section */

/* Begin PBXGroup section */
		95D995CC2C3BC7AA005FA1AD = {
			isa = PBXGroup;
			children = (
				95D995D72C3BC7AA005FA1AD /* SlideBar */,
				95D995E82C3BC7AE005FA1AD /* SlideBarTests */,
				95D995F22C3BC7AE005FA1AD /* SlideBarUITests */,
				95D995D62C3BC7AA005FA1AD /* Products */,
			);
			sourceTree = "<group>";
		};
		95D995D62C3BC7AA005FA1AD /* Products */ = {
			isa = PBXGroup;
			children = (
				95D995D52C3BC7AA005FA1AD /* SlideBar.app */,
				95D995E52C3BC7AE005FA1AD /* SlideBarTests.xctest */,
				95D995EF2C3BC7AE005FA1AD /* SlideBarUITests.xctest */,
			);
			name = Products;
			sourceTree = "<group>";
		};
		95D995D72C3BC7AA005FA1AD /* SlideBar */ = {
			isa = PBXGroup;
			children = (
				95D995D82C3BC7AA005FA1AD /* SlideBarApp.swift */,
				95D995DA2C3BC7AA005FA1AD /* ContentView.swift */,
				95D995DC2C3BC7AD005FA1AD /* Assets.xcassets */,
				95D995DE2C3BC7AD005FA1AD /* Preview Content */,
			);
			path = SlideBar;
			sourceTree = "<group>";
		};
		95D995DE2C3BC7AD005FA1AD /* Preview Content */ = {
			isa = PBXGroup;
			children = (
				95D995DF2C3BC7AD005FA1AD /* Preview Assets.xcassets */,
			);
			path = "Preview Content";
			sourceTree = "<group>";
		};
		95D995E82C3BC7AE005FA1AD /* SlideBarTests */ = {
			isa = PBXGroup;
			children = (
				95D995E92C3BC7AE005FA1AD /* SlideBarTests.swift */,
			);
			path = SlideBarTests;
			sourceTree = "<group>";
		};
		95D995F22C3BC7AE005FA1AD /* SlideBarUITests */ = {
			isa = PBXGroup;
			children = (
				95D995F32C3BC7AE005FA1AD /* SlideBarUITests.swift */,
				95D995F52C3BC7AE005FA1AD /* SlideBarUITestsLaunchTests.swift */,
			);
			path = SlideBarUITests;
			sourceTree = "<group>";
		};
/* End PBXGroup section */

/* Begin PBXNativeTarget section */
		95D995D42C3BC7AA005FA1AD /* SlideBar */ = {
			isa = PBXNativeTarget;
			buildConfigurationList = 95D995F92C3BC7AE005FA1AD /* Build configuration list for PBXNativeTarget "SlideBar" */;
			buildPhases = (
				95D995D12C3BC7AA005FA1AD /* Sources */,
				95D995D22C3BC7AA005FA1AD /* Frameworks */,
				95D995D32C3BC7AA005FA1AD /* Resources */,
			);
			buildRules = (
			);
			dependencies = (
			);
			name = SlideBar;
			productName = SlideBar;
			productReference = 95D995D52C3BC7AA005FA1AD /* SlideBar.app */;
			productType = "com.apple.product-type.application";
		};
		95D995E42C3BC7AE005FA1AD /* SlideBarTests */ = {
			isa = PBXNativeTarget;
			buildConfigurationList = 95D995FC2C3BC7AE005FA1AD /* Build configuration list for PBXNativeTarget "SlideBarTests" */;
			buildPhases = (
				95D995E12C3BC7AE005FA1AD /* Sources */,
				95D995E22C3BC7AE005FA1AD /* Frameworks */,
				95D995E32C3BC7AE005FA1AD /* Resources */,
			);
			buildRules = (
			);
			dependencies = (
				95D995E72C3BC7AE005FA1AD /* PBXTargetDependency */,
			);
			name = SlideBarTests;
			productName = SlideBarTests;
			productReference = 95D995E52C3BC7AE005FA1AD /* SlideBarTests.xctest */;
			productType = "com.apple.product-type.bundle.unit-test";
		};
		95D995EE2C3BC7AE005FA1AD /* SlideBarUITests */ = {
			isa = PBXNativeTarget;
			buildConfigurationList = 95D995FF2C3BC7AE005FA1AD /* Build configuration list for PBXNativeTarget "SlideBarUITests" */;
			buildPhases = (
				95D995EB2C3BC7AE005FA1AD /* Sources */,
				95D995EC2C3BC7AE005FA1AD /* Frameworks */,
				95D995ED2C3BC7AE005FA1AD /* Resources */,
			);
			buildRules = (
			);
			dependencies = (
				95D995F12C3BC7AE005FA1AD /* PBXTargetDependency */,
			);
			name = SlideBarUITests;
			productName = SlideBarUITests;
			productReference = 95D995EF2C3BC7AE005FA1AD /* SlideBarUITests.xctest */;
			productType = "com.apple.product-type.bundle.ui-testing";
		};
/* End PBXNativeTarget section */

/* Begin PBXProject section */
		95D995CD2C3BC7AA005FA1AD /* Project object */ = {
			isa = PBXProject;
			attributes = {
				BuildIndependentTargetsInParallel = 1;
				LastSwiftUpdateCheck = 1520;
				LastUpgradeCheck = 1520;
				TargetAttributes = {
					95D995D42C3BC7AA005FA1AD = {
						CreatedOnToolsVersion = 15.2;
					};
					95D995E42C3BC7AE005FA1AD = {
						CreatedOnToolsVersion = 15.2;
						TestTargetID = 95D995D42C3BC7AA005FA1AD;
					};
					95D995EE2C3BC7AE005FA1AD = {
						CreatedOnToolsVersion = 15.2;
						TestTargetID = 95D995D42C3BC7AA005FA1AD;
					};
				};
			};
			buildConfigurationList = 95D995D02C3BC7AA005FA1AD /* Build configuration list for PBXProject "SlideBar" */;
			compatibilityVersion = "Xcode 14.0";
			developmentRegion = en;
			hasScannedForEncodings = 0;
			knownRegions = (
				en,
				Base,
			);
			mainGroup = 95D995CC2C3BC7AA005FA1AD;
			productRefGroup = 95D995D62C3BC7AA005FA1AD /* Products */;
			projectDirPath = "";
			projectRoot = "";
			targets = (
				95D995D42C3BC7AA005FA1AD /* SlideBar */,
				95D995E42C3BC7AE005FA1AD /* SlideBarTests */,
				95D995EE2C3BC7AE005FA1AD /* SlideBarUITests */,
			);
		};
/* End PBXProject section */

/* Begin PBXResourcesBuildPhase section */
		95D995D32C3BC7AA005FA1AD /* Resources */ = {
			isa = PBXResourcesBuildPhase;
			buildActionMask = 2147483647;
			files = (
				95D995E02C3BC7AD005FA1AD /* Preview Assets.xcassets in Resources */,
				95D995DD2C3BC7AD005FA1AD /* Assets.xcassets in Resources */,
			);
			runOnlyForDeploymentPostprocessing = 0;
		};
		95D995E32C3BC7AE005FA1AD /* Resources */ = {
			isa = PBXResourcesBuildPhase;
			buildActionMask = 2147483647;
			files = (
			);
			runOnlyForDeploymentPostprocessing = 0;
		};
		95D995ED2C3BC7AE005FA1AD /* Resources */ = {
			isa = PBXResourcesBuildPhase;
			buildActionMask = 2147483647;
			files = (
			);
			runOnlyForDeploymentPostprocessing = 0;
		};
/* End PBXResourcesBuildPhase section */

/* Begin PBXSourcesBuildPhase section */
		95D995D12C3BC7AA005FA1AD /* Sources */ = {
			isa = PBXSourcesBuildPhase;
			buildActionMask = 2147483647;
			files = (
				95D995DB2C3BC7AA005FA1AD /* ContentView.swift in Sources */,
				95D995D92C3BC7AA005FA1AD /* SlideBarApp.swift in Sources */,
			);
			runOnlyForDeploymentPostprocessing = 0;
		};
		95D995E12C3BC7AE005FA1AD /* Sources */ = {
			isa = PBXSourcesBuildPhase;
			buildActionMask = 2147483647;
			files = (
				95D995EA2C3BC7AE005FA1AD /* SlideBarTests.swift in Sources */,
			);
			runOnlyForDeploymentPostprocessing = 0;
		};
		95D995EB2C3BC7AE005FA1AD /* Sources */ = {
			isa = PBXSourcesBuildPhase;
			buildActionMask = 2147483647;
			files = (
				95D995F62C3BC7AE005FA1AD /* SlideBarUITestsLaunchTests.swift in Sources */,
				95D995F42C3BC7AE005FA1AD /* SlideBarUITests.swift in Sources */,
			);
			runOnlyForDeploymentPostprocessing = 0;
		};
/* End PBXSourcesBuildPhase section */

/* Begin PBXTargetDependency section */
		95D995E72C3BC7AE005FA1AD /* PBXTargetDependency */ = {
			isa = PBXTargetDependency;
			target = 95D995D42C3BC7AA005FA1AD /* SlideBar */;
			targetProxy = 95D995E62C3BC7AE005FA1AD /* PBXContainerItemProxy */;
		};
		95D995F12C3BC7AE005FA1AD /* PBXTargetDependency */ = {
			isa = PBXTargetDependency;
			target = 95D995D42C3BC7AA005FA1AD /* SlideBar */;
			targetProxy = 95D995F02C3BC7AE005FA1AD /* PBXContainerItemProxy */;
		};
/* End PBXTargetDependency section */

/* Begin XCBuildConfiguration section */
		95D995F72C3BC7AE005FA1AD /* Debug */ = {
			isa = XCBuildConfiguration;
			buildSettings = {
				ALWAYS_SEARCH_USER_PATHS = NO;
				ASSETCATALOG_COMPILER_GENERATE_SWIFT_ASSET_SYMBOL_EXTENSIONS = YES;
				CLANG_ANALYZER_NONNULL = YES;
				CLANG_ANALYZER_NUMBER_OBJECT_CONVERSION = YES_AGGRESSIVE;
				CLANG_CXX_LANGUAGE_STANDARD = "gnu++20";
				CLANG_ENABLE_MODULES = YES;
				CLANG_ENABLE_OBJC_ARC = YES;
				CLANG_ENABLE_OBJC_WEAK = YES;
				CLANG_WARN_BLOCK_CAPTURE_AUTORELEASING = YES;
				CLANG_WARN_BOOL_CONVERSION = YES;
				CLANG_WARN_COMMA = YES;
				CLANG_WARN_CONSTANT_CONVERSION = YES;
				CLANG_WARN_DEPRECATED_OBJC_IMPLEMENTATIONS = YES;
				CLANG_WARN_DIRECT_OBJC_ISA_USAGE = YES_ERROR;
				CLANG_WARN_DOCUMENTATION_COMMENTS = YES;
				CLANG_WARN_EMPTY_BODY = YES;
				CLANG_WARN_ENUM_CONVERSION = YES;
				CLANG_WARN_INFINITE_RECURSION = YES;
				CLANG_WARN_INT_CONVERSION = YES;
				CLANG_WARN_NON_LITERAL_NULL_CONVERSION = YES;
				CLANG_WARN_OBJC_IMPLICIT_RETAIN_SELF = YES;
				CLANG_WARN_OBJC_LITERAL_CONVERSION = YES;
				CLANG_WARN_OBJC_ROOT_CLASS = YES_ERROR;
				CLANG_WARN_QUOTED_INCLUDE_IN_FRAMEWORK_HEADER = YES;
				CLANG_WARN_RANGE_LOOP_ANALYSIS = YES;
				CLANG_WARN_STRICT_PROTOTYPES = YES;
				CLANG_WARN_SUSPICIOUS_MOVE = YES;
				CLANG_WARN_UNGUARDED_AVAILABILITY = YES_AGGRESSIVE;
				CLANG_WARN_UNREACHABLE_CODE = YES;
				CLANG_WARN__DUPLICATE_METHOD_MATCH = YES;
				COPY_PHASE_STRIP = NO;
				DEBUG_INFORMATION_FORMAT = dwarf;
				ENABLE_STRICT_OBJC_MSGSEND = YES;
				ENABLE_TESTABILITY = YES;
				ENABLE_USER_SCRIPT_SANDBOXING = YES;
				GCC_C_LANGUAGE_STANDARD = gnu17;
				GCC_DYNAMIC_NO_PIC = NO;
				GCC_NO_COMMON_BLOCKS = YES;
				GCC_OPTIMIZATION_LEVEL = 0;
				GCC_PREPROCESSOR_DEFINITIONS = (
					"DEBUG=1",
					"$(inherited)",
				);
				GCC_WARN_64_TO_32_BIT_CONVERSION = YES;
				GCC_WARN_ABOUT_RETURN_TYPE = YES_ERROR;
				GCC_WARN_UNDECLARED_SELECTOR = YES;
				GCC_WARN_UNINITIALIZED_AUTOS = YES_AGGRESSIVE;
				GCC_WARN_UNUSED_FUNCTION = YES;
				GCC_WARN_UNUSED_VARIABLE = YES;
				IPHONEOS_DEPLOYMENT_TARGET = 17.2;
				LOCALIZATION_PREFERS_STRING_CATALOGS = YES;
				MTL_ENABLE_DEBUG_INFO = INCLUDE_SOURCE;
				MTL_FAST_MATH = YES;
				ONLY_ACTIVE_ARCH = YES;
				SDKROOT = iphoneos;
				SWIFT_ACTIVE_COMPILATION_CONDITIONS = "DEBUG $(inherited)";
				SWIFT_OPTIMIZATION_LEVEL = "-Onone";
			};
			name = Debug;
		};
		95D995F82C3BC7AE005FA1AD /* Release */ = {
			isa = XCBuildConfiguration;
			buildSettings = {
				ALWAYS_SEARCH_USER_PATHS = NO;
				ASSETCATALOG_COMPILER_GENERATE_SWIFT_ASSET_SYMBOL_EXTENSIONS = YES;
				CLANG_ANALYZER_NONNULL = YES;
				CLANG_ANALYZER_NUMBER_OBJECT_CONVERSION = YES_AGGRESSIVE;
				CLANG_CXX_LANGUAGE_STANDARD = "gnu++20";
				CLANG_ENABLE_MODULES = YES;
				CLANG_ENABLE_OBJC_ARC = YES;
				CLANG_ENABLE_OBJC_WEAK = YES;
				CLANG_WARN_BLOCK_CAPTURE_AUTORELEASING = YES;
				CLANG_WARN_BOOL_CONVERSION = YES;
				CLANG_WARN_COMMA = YES;
				CLANG_WARN_CONSTANT_CONVERSION = YES;
				CLANG_WARN_DEPRECATED_OBJC_IMPLEMENTATIONS = YES;
				CLANG_WARN_DIRECT_OBJC_ISA_USAGE = YES_ERROR;
				CLANG_WARN_DOCUMENTATION_COMMENTS = YES;
				CLANG_WARN_EMPTY_BODY = YES;
				CLANG_WARN_ENUM_CONVERSION = YES;
				CLANG_WARN_INFINITE_RECURSION = YES;
				CLANG_WARN_INT_CONVERSION = YES;
				CLANG_WARN_NON_LITERAL_NULL_CONVERSION = YES;
				CLANG_WARN_OBJC_IMPLICIT_RETAIN_SELF = YES;
				CLANG_WARN_OBJC_LITERAL_CONVERSION = YES;
				CLANG_WARN_OBJC_ROOT_CLASS = YES_ERROR;
				CLANG_WARN_QUOTED_INCLUDE_IN_FRAMEWORK_HEADER = YES;
				CLANG_WARN_RANGE_LOOP_ANALYSIS = YES;
				CLANG_WARN_STRICT_PROTOTYPES = YES;
				CLANG_WARN_SUSPICIOUS_MOVE = YES;
				CLANG_WARN_UNGUARDED_AVAILABILITY = YES_AGGRESSIVE;
				CLANG_WARN_UNREACHABLE_CODE = YES;
				CLANG_WARN__DUPLICATE_METHOD_MATCH = YES;
				COPY_PHASE_STRIP = NO;
				DEBUG_INFORMATION_FORMAT = "dwarf-with-dsym";
				ENABLE_NS_ASSERTIONS = NO;
				ENABLE_STRICT_OBJC_MSGSEND = YES;
				ENABLE_USER_SCRIPT_SANDBOXING = YES;
				GCC_C_LANGUAGE_STANDARD = gnu17;
				GCC_NO_COMMON_BLOCKS = YES;
				GCC_WARN_64_TO_32_BIT_CONVERSION = YES;
				GCC_WARN_ABOUT_RETURN_TYPE = YES_ERROR;
				GCC_WARN_UNDECLARED_SELECTOR = YES;
				GCC_WARN_UNINITIALIZED_AUTOS = YES_AGGRESSIVE;
				GCC_WARN_UNUSED_FUNCTION = YES;
				GCC_WARN_UNUSED_VARIABLE = YES;
				IPHONEOS_DEPLOYMENT_TARGET = 17.2;
				LOCALIZATION_PREFERS_STRING_CATALOGS = YES;
				MTL_ENABLE_DEBUG_INFO = NO;
				MTL_FAST_MATH = YES;
				SDKROOT = iphoneos;
				SWIFT_COMPILATION_MODE = wholemodule;
				VALIDATE_PRODUCT = YES;
			};
			name = Release;
		};
		95D995FA2C3BC7AE005FA1AD /* Debug */ = {
			isa = XCBuildConfiguration;
			buildSettings = {
				ASSETCATALOG_COMPILER_APPICON_NAME = AppIcon;
				ASSETCATALOG_COMPILER_GLOBAL_ACCENT_COLOR_NAME = AccentColor;
				CODE_SIGN_STYLE = Automatic;
				CURRENT_PROJECT_VERSION = 1;
				DEVELOPMENT_ASSET_PATHS = "\"SlideBar/Preview Content\"";
				ENABLE_PREVIEWS = YES;
				GENERATE_INFOPLIST_FILE = YES;
				INFOPLIST_KEY_UIApplicationSceneManifest_Generation = YES;
				INFOPLIST_KEY_UIApplicationSupportsIndirectInputEvents = YES;
				INFOPLIST_KEY_UILaunchScreen_Generation = YES;
				INFOPLIST_KEY_UISupportedInterfaceOrientations_iPad = "UIInterfaceOrientationPortrait UIInterfaceOrientationPortraitUpsideDown UIInterfaceOrientationLandscapeLeft UIInterfaceOrientationLandscapeRight";
				INFOPLIST_KEY_UISupportedInterfaceOrientations_iPhone = "UIInterfaceOrientationPortrait UIInterfaceOrientationLandscapeLeft UIInterfaceOrientationLandscapeRight";
				LD_RUNPATH_SEARCH_PATHS = (
					"$(inherited)",
					"@executable_path/Frameworks",
				);
				MARKETING_VERSION = 1.0;
				PRODUCT_BUNDLE_IDENTIFIER = KLM.SlideBar;
				PRODUCT_NAME = "$(TARGET_NAME)";
				SWIFT_EMIT_LOC_STRINGS = YES;
				SWIFT_VERSION = 5.0;
				TARGETED_DEVICE_FAMILY = "1,2";
			};
			name = Debug;
		};
		95D995FB2C3BC7AE005FA1AD /* Release */ = {
			isa = XCBuildConfiguration;
			buildSettings = {
				ASSETCATALOG_COMPILER_APPICON_NAME = AppIcon;
				ASSETCATALOG_COMPILER_GLOBAL_ACCENT_COLOR_NAME = AccentColor;
				CODE_SIGN_STYLE = Automatic;
				CURRENT_PROJECT_VERSION = 1;
				DEVELOPMENT_ASSET_PATHS = "\"SlideBar/Preview Content\"";
				ENABLE_PREVIEWS = YES;
				GENERATE_INFOPLIST_FILE = YES;
				INFOPLIST_KEY_UIApplicationSceneManifest_Generation = YES;
				INFOPLIST_KEY_UIApplicationSupportsIndirectInputEvents = YES;
				INFOPLIST_KEY_UILaunchScreen_Generation = YES;
				INFOPLIST_KEY_UISupportedInterfaceOrientations_iPad = "UIInterfaceOrientationPortrait UIInterfaceOrientationPortraitUpsideDown UIInterfaceOrientationLandscapeLeft UIInterfaceOrientationLandscapeRight";
				INFOPLIST_KEY_UISupportedInterfaceOrientations_iPhone = "UIInterfaceOrientationPortrait UIInterfaceOrientationLandscapeLeft UIInterfaceOrientationLandscapeRight";
				LD_RUNPATH_SEARCH_PATHS = (
					"$(inherited)",
					"@executable_path/Frameworks",
				);
				MARKETING_VERSION = 1.0;
				PRODUCT_BUNDLE_IDENTIFIER = KLM.SlideBar;
				PRODUCT_NAME = "$(TARGET_NAME)";
				SWIFT_EMIT_LOC_STRINGS = YES;
				SWIFT_VERSION = 5.0;
				TARGETED_DEVICE_FAMILY = "1,2";
			};
			name = Release;
		};
		95D995FD2C3BC7AE005FA1AD /* Debug */ = {
			isa = XCBuildConfiguration;
			buildSettings = {
				ALWAYS_EMBED_SWIFT_STANDARD_LIBRARIES = YES;
				BUNDLE_LOADER = "$(TEST_HOST)";
				CODE_SIGN_STYLE = Automatic;
				CURRENT_PROJECT_VERSION = 1;
				GENERATE_INFOPLIST_FILE = YES;
				IPHONEOS_DEPLOYMENT_TARGET = 17.2;
				MARKETING_VERSION = 1.0;
				PRODUCT_BUNDLE_IDENTIFIER = KLM.SlideBarTests;
				PRODUCT_NAME = "$(TARGET_NAME)";
				SWIFT_EMIT_LOC_STRINGS = NO;
				SWIFT_VERSION = 5.0;
				TARGETED_DEVICE_FAMILY = "1,2";
				TEST_HOST = "$(BUILT_PRODUCTS_DIR)/SlideBar.app/$(BUNDLE_EXECUTABLE_FOLDER_PATH)/SlideBar";
			};
			name = Debug;
		};
		95D995FE2C3BC7AE005FA1AD /* Release */ = {
			isa = XCBuildConfiguration;
			buildSettings = {
				ALWAYS_EMBED_SWIFT_STANDARD_LIBRARIES = YES;
				BUNDLE_LOADER = "$(TEST_HOST)";
				CODE_SIGN_STYLE = Automatic;
				CURRENT_PROJECT_VERSION = 1;
				GENERATE_INFOPLIST_FILE = YES;
				IPHONEOS_DEPLOYMENT_TARGET = 17.2;
				MARKETING_VERSION = 1.0;
				PRODUCT_BUNDLE_IDENTIFIER = KLM.SlideBarTests;
				PRODUCT_NAME = "$(TARGET_NAME)";
				SWIFT_EMIT_LOC_STRINGS = NO;
				SWIFT_VERSION = 5.0;
				TARGETED_DEVICE_FAMILY = "1,2";
				TEST_HOST = "$(BUILT_PRODUCTS_DIR)/SlideBar.app/$(BUNDLE_EXECUTABLE_FOLDER_PATH)/SlideBar";
			};
			name = Release;
		};
		95D996002C3BC7AE005FA1AD /* Debug */ = {
			isa = XCBuildConfiguration;
			buildSettings = {
				ALWAYS_EMBED_SWIFT_STANDARD_LIBRARIES = YES;
				CODE_SIGN_STYLE = Automatic;
				CURRENT_PROJECT_VERSION = 1;
				GENERATE_INFOPLIST_FILE = YES;
				MARKETING_VERSION = 1.0;
				PRODUCT_BUNDLE_IDENTIFIER = KLM.SlideBarUITests;
				PRODUCT_NAME = "$(TARGET_NAME)";
				SWIFT_EMIT_LOC_STRINGS = NO;
				SWIFT_VERSION = 5.0;
				TARGETED_DEVICE_FAMILY = "1,2";
				TEST_TARGET_NAME = SlideBar;
			};
			name = Debug;
		};
		95D996012C3BC7AE005FA1AD /* Release */ = {
			isa = XCBuildConfiguration;
			buildSettings = {
				ALWAYS_EMBED_SWIFT_STANDARD_LIBRARIES = YES;
				CODE_SIGN_STYLE = Automatic;
				CURRENT_PROJECT_VERSION = 1;
				GENERATE_INFOPLIST_FILE = YES;
				MARKETING_VERSION = 1.0;
				PRODUCT_BUNDLE_IDENTIFIER = KLM.SlideBarUITests;
				PRODUCT_NAME = "$(TARGET_NAME)";
				SWIFT_EMIT_LOC_STRINGS = NO;
				SWIFT_VERSION = 5.0;
				TARGETED_DEVICE_FAMILY = "1,2";
				TEST_TARGET_NAME = SlideBar;
			};
			name = Release;
		};
/* End XCBuildConfiguration section */

/* Begin XCConfigurationList section */
		95D995D02C3BC7AA005FA1AD /* Build configuration list for PBXProject "SlideBar" */ = {
			isa = XCConfigurationList;
			buildConfigurations = (
				95D995F72C3BC7AE005FA1AD /* Debug */,
				95D995F82C3BC7AE005FA1AD /* Release */,
			);
			defaultConfigurationIsVisible = 0;
			defaultConfigurationName = Release;
		};
		95D995F92C3BC7AE005FA1AD /* Build configuration list for PBXNativeTarget "SlideBar" */ = {
			isa = XCConfigurationList;
			buildConfigurations = (
				95D995FA2C3BC7AE005FA1AD /* Debug */,
				95D995FB2C3BC7AE005FA1AD /* Release */,
			);
			defaultConfigurationIsVisible = 0;
			defaultConfigurationName = Release;
		};
		95D995FC2C3BC7AE005FA1AD /* Build configuration list for PBXNativeTarget "SlideBarTests" */ = {
			isa = XCConfigurationList;
			buildConfigurations = (
				95D995FD2C3BC7AE005FA1AD /* Debug */,
				95D995FE2C3BC7AE005FA1AD /* Release */,
			);
			defaultConfigurationIsVisible = 0;
			defaultConfigurationName = Release;
		};
		95D995FF2C3BC7AE005FA1AD /* Build configuration list for PBXNativeTarget "SlideBarUITests" */ = {
			isa = XCConfigurationList;
			buildConfigurations = (
				95D996002C3BC7AE005FA1AD /* Debug */,
				95D996012C3BC7AE005FA1AD /* Release */,
			);
			defaultConfigurationIsVisible = 0;
			defaultConfigurationName = Release;
		};
/* End XCConfigurationList section */
	};
	rootObject = 95D995CD2C3BC7AA005FA1AD /* Project object */;
}
